PODS:
  - Kingfisher (6.3.0)
  - SDWebImage (5.11.1):
    - SDWebImage/Core (= 5.11.1)
  - SDWebImage/Core (5.11.1)
  - SnapKit (5.0.1)

DEPENDENCIES:
  - Kingfisher
  - SDWebImage
  - SnapKit

SPEC REPOS:
  trunk:
    - Kingfisher
    - SDWebImage
    - SnapKit

SPEC CHECKSUMS:
  Kingfisher: 6c3df386db71d82c0817a429d2c9421a77396529
  SDWebImage: a7f831e1a65eb5e285e3fb046a23fcfbf08e696d
  SnapKit: 97b92857e3df3a0c71833cce143274bf6ef8e5eb

PODFILE CHECKSUM: a6148a3043909fd834f382d2736a1e570bcc855c

COCOAPODS: 1.10.1
